<?xml version="1.0" encoding="utf-8"?>
<Project ToolsVersion="4.0" xmlns="http://schemas.microsoft.com/developer/msbuild/2003">
  <ItemGroup>
    <Filter Include="源文件">
      <UniqueIdentifier>{4FC737F1-C7A5-4376-A066-2A32D752A2FF}</UniqueIdentifier>
      <Extensions>cpp;c;cc;cxx;def;odl;idl;hpj;bat;asm;asmx</Extensions>
    </Filter>
    <Filter Include="头文件">
      <UniqueIdentifier>{93995380-89BD-4b04-88EB-625FBE52EBFB}</UniqueIdentifier>
      <Extensions>h;hh;hpp;hxx;hm;inl;inc;xsd</Extensions>
    </Filter>
    <Filter Include="资源文件">
      <UniqueIdentifier>{67DA6AB6-F800-4c08-8B7A-83BB121AAD01}</UniqueIdentifier>
      <Extensions>rc;ico;cur;bmp;dlg;rc2;rct;bin;rgs;gif;jpg;jpeg;jpe;resx;tiff;tif;png;wav;mfcribbon-ms</Extensions>
    </Filter>
    <Filter Include="Shader">
      <UniqueIdentifier>{6740bdb3-4aca-40c5-b7b8-0985f22c123b}</UniqueIdentifier>
    </Filter>
    <Filter Include="sound">
      <UniqueIdentifier>{2f3c92f4-166e-4838-8736-c801fc058c8b}</UniqueIdentifier>
    </Filter>
  </ItemGroup>
  <ItemGroup>
    <ClInclude Include="d3dUtility.h">
      <Filter>头文件</Filter>
    </ClInclude>
    <ClInclude Include="Light.h">
      <Filter>头文件</Filter>
    </ClInclude>
    <ClInclude Include="GeometryGens.h">
      <Filter>头文件</Filter>
    </ClInclude>
    <ClInclude Include="Sphere.h">
      <Filter>头文件</Filter>
    </ClInclude>
    <ClInclude Include="GameSound.h">
      <Filter>头文件</Filter>
    </ClInclude>
  </ItemGroup>
  <ItemGroup>
    <ClCompile Include="d3dUtility.cpp">
      <Filter>源文件</Filter>
    </ClCompile>
    <ClCompile Include="d3dBlend.cpp">
      <Filter>源文件</Filter>
    </ClCompile>
    <ClCompile Include="GeometryGens.cpp">
      <Filter>源文件</Filter>
    </ClCompile>
    <ClCompile Include="GameSound.cpp">
      <Filter>源文件</Filter>
    </ClCompile>
    <ClCompile Include="Sphere.cpp">
      <Filter>源文件</Filter>
    </ClCompile>
  </ItemGroup>
  <ItemGroup>
    <Image Include="左框.PNG">
      <Filter>资源文件</Filter>
    </Image>
    <Image Include="台子.png">
      <Filter>资源文件</Filter>
    </Image>
    <Image Include="后框.PNG">
      <Filter>资源文件</Filter>
    </Image>
    <Image Include="黑边.png">
      <Filter>资源文件</Filter>
    </Image>
    <Image Include="地毯.jpg">
      <Filter>资源文件</Filter>
    </Image>
    <Image Include="white.jpg">
      <Filter>资源文件</Filter>
    </Image>
    <Image Include="water.dds">
      <Filter>资源文件</Filter>
    </Image>
    <Image Include="tank.png">
      <Filter>资源文件</Filter>
    </Image>
    <Image Include="power.bmp">
      <Filter>资源文件</Filter>
    </Image>
    <Image Include="frame.jpg">
      <Filter>资源文件</Filter>
    </Image>
    <Image Include="checkboard.dds">
      <Filter>资源文件</Filter>
    </Image>
    <Image Include="BOX.bmp">
      <Filter>资源文件</Filter>
    </Image>
    <Image Include="C:\Users\sunxingyu\Documents\Visual Studio 2013\Projects\D3DBlend\D3DBlend\Green.bmp">
      <Filter>资源文件</Filter>
    </Image>
    <Image Include="red.png">
      <Filter>资源文件</Filter>
    </Image>
    <Image Include="yellow.png">
      <Filter>资源文件</Filter>
    </Image>
  </ItemGroup>
  <ItemGroup>
    <None Include="Shader.fx">
      <Filter>Shader</Filter>
    </None>
  </ItemGroup>
  <ItemGroup>
    <Media Include="sound\hitball.wav">
      <Filter>sound</Filter>
    </Media>
    <Media Include="sound\hitbar.wav">
      <Filter>sound</Filter>
    </Media>
    <Media Include="sound\pocket.wav">
      <Filter>sound</Filter>
    </Media>
    <Media Include="sound\tuck.wav">
      <Filter>sound</Filter>
    </Media>
  </ItemGroup>
</Project>